
Microsoft Visual Studio Solution File, Format Version 12.00
# Visual Studio Version 17
VisualStudioVersion = 17.9.34701.34
MinimumVisualStudioVersion = 10.0.40219.1
Project("{FAE04EC0-301F-11D3-BF4B-00C04F79EFBC}") = "MibbitChatToHTML", "MibbitChatToHTML\MibbitChatToHTML.csproj", "{718CEEEB-E54F-461C-8276-6FEE1C52A508}"
EndProject
Global
	GlobalSection(SolutionConfigurationPlatforms) = preSolution
		Debug|Any CPU = Debug|Any CPU
		Release|Any CPU = Release|Any CPU
	EndGlobalSection
	GlobalSection(ProjectConfigurationPlatforms) = postSolution
		{718CEEEB-E54F-461C-8276-6FEE1C52A508}.Debug|Any CPU.ActiveCfg = Debug|Any CPU
		{718CEEEB-E54F-461C-8276-6FEE1C52A508}.Debug|Any CPU.Build.0 = Debug|Any CPU
		{718CEEEB-E54F-461C-8276-6FEE1C52A508}.Release|Any CPU.ActiveCfg = Release|Any CPU
		{718CEEEB-E54F-461C-8276-6FEE1C52A508}.Release|Any CPU.Build.0 = Release|Any CPU
	EndGlobalSection
	GlobalSection(SolutionProperties) = preSolution
		HideSolutionNode = FALSE
	EndGlobalSection
	GlobalSection(ExtensibilityGlobals) = postSolution
		SolutionGuid = {BECE6D1A-849F-4176-B6CC-F4542B62F676}
	EndGlobalSection
EndGlobal
